// !$*UTF8*$!
{
	archiveVersion = 1;
	classes = {
	};
	objectVersion = 46;
	objects = {

/* Begin PBXBuildFile section */
		CE5A15081A211F5C00E5721A /* main.m in Sources */ = {isa = PBXBuildFile; fileRef = CE5A15071A211F5C00E5721A /* main.m */; };
		CE5A150B1A211F5C00E5721A /* AppDelegate.m in Sources */ = {isa = PBXBuildFile; fileRef = CE5A150A1A211F5C00E5721A /* AppDelegate.m */; };
		CE5A150E1A211F5C00E5721A /* CameraViewController.m in Sources */ = {isa = PBXBuildFile; fileRef = CE5A150D1A211F5C00E5721A /* CameraViewController.m */; };
		CE5A15111A211F5C00E5721A /* Main.storyboard in Resources */ = {isa = PBXBuildFile; fileRef = CE5A150F1A211F5C00E5721A /* Main.storyboard */; };
		CE5A15131A211F5C00E5721A /* Images.xcassets in Resources */ = {isa = PBXBuildFile; fileRef = CE5A15121A211F5C00E5721A /* Images.xcassets */; };
		CE5A15161A211F5C00E5721A /* LaunchScreen.xib in Resources */ = {isa = PBXBuildFile; fileRef = CE5A15141A211F5C00E5721A /* LaunchScreen.xib */; };
		CE5A15221A211F5C00E5721A /* RustleTests.m in Sources */ = {isa = PBXBuildFile; fileRef = CE5A15211A211F5C00E5721A /* RustleTests.m */; };
		CE5A152E1A21561500E5721A /* CustomImagePickerController.m in Sources */ = {isa = PBXBuildFile; fileRef = CE5A152D1A21561500E5721A /* CustomImagePickerController.m */; };
		CED0BF331A90165F0088A1F6 /* Bolts.framework in Frameworks */ = {isa = PBXBuildFile; fileRef = CED0BF2E1A90165F0088A1F6 /* Bolts.framework */; };
		CED0BF391A9016E00088A1F6 /* AudioToolbox.framework in Frameworks */ = {isa = PBXBuildFile; fileRef = CED0BF381A9016E00088A1F6 /* AudioToolbox.framework */; };
		CED0BF3B1A9016EA0088A1F6 /* CFNetwork.framework in Frameworks */ = {isa = PBXBuildFile; fileRef = CED0BF3A1A9016EA0088A1F6 /* CFNetwork.framework */; };
		CED0BF3D1A9016F50088A1F6 /* CoreGraphics.framework in Frameworks */ = {isa = PBXBuildFile; fileRef = CED0BF3C1A9016F50088A1F6 /* CoreGraphics.framework */; };
		CED0BF3F1A9016FC0088A1F6 /* CoreLocation.framework in Frameworks */ = {isa = PBXBuildFile; fileRef = CED0BF3E1A9016FC0088A1F6 /* CoreLocation.framework */; };
		CED0BF411A9017060088A1F6 /* MobileCoreServices.framework in Frameworks */ = {isa = PBXBuildFile; fileRef = CED0BF401A9017060088A1F6 /* MobileCoreServices.framework */; };
		CED0BF431A90170E0088A1F6 /* QuartzCore.framework in Frameworks */ = {isa = PBXBuildFile; fileRef = CED0BF421A90170E0088A1F6 /* QuartzCore.framework */; };
		CED0BF451A9017170088A1F6 /* Security.framework in Frameworks */ = {isa = PBXBuildFile; fileRef = CED0BF441A9017170088A1F6 /* Security.framework */; };
		CED0BF471A90171F0088A1F6 /* StoreKit.framework in Frameworks */ = {isa = PBXBuildFile; fileRef = CED0BF461A90171F0088A1F6 /* StoreKit.framework */; };
		CED0BF491A9017280088A1F6 /* SystemConfiguration.framework in Frameworks */ = {isa = PBXBuildFile; fileRef = CED0BF481A9017280088A1F6 /* SystemConfiguration.framework */; };
		CED0BF4B1A9017310088A1F6 /* libz.dylib in Frameworks */ = {isa = PBXBuildFile; fileRef = CED0BF4A1A9017310088A1F6 /* libz.dylib */; };
		CED0BF4D1A90173A0088A1F6 /* libsqlite3.dylib in Frameworks */ = {isa = PBXBuildFile; fileRef = CED0BF4C1A90173A0088A1F6 /* libsqlite3.dylib */; };
		CEEB53D11A21A28D000C4BDB /* RustlesTableViewController.m in Sources */ = {isa = PBXBuildFile; fileRef = CEEB53D01A21A28D000C4BDB /* RustlesTableViewController.m */; };
		CEEB54421A21ABB2000C4BDB /* PhotoCell.m in Sources */ = {isa = PBXBuildFile; fileRef = CEEB54411A21ABB2000C4BDB /* PhotoCell.m */; };
/* End PBXBuildFile section */

/* Begin PBXContainerItemProxy section */
		CE5A151C1A211F5C00E5721A /* PBXContainerItemProxy */ = {
			isa = PBXContainerItemProxy;
			containerPortal = CE5A14FA1A211F5C00E5721A /* Project object */;
			proxyType = 1;
			remoteGlobalIDString = CE5A15011A211F5C00E5721A;
			remoteInfo = Rustle;
		};
/* End PBXContainerItemProxy section */

/* Begin PBXFileReference section */
		CE0A55381A88219800EDC371 /* Constants.h */ = {isa = PBXFileReference; lastKnownFileType = sourcecode.c.h; path = Constants.h; sourceTree = "<group>"; };
		CE5A15021A211F5C00E5721A /* Rustle.app */ = {isa = PBXFileReference; explicitFileType = wrapper.application; includeInIndex = 0; path = Rustle.app; sourceTree = BUILT_PRODUCTS_DIR; };
		CE5A15061A211F5C00E5721A /* Info.plist */ = {isa = PBXFileReference; lastKnownFileType = text.plist.xml; path = Info.plist; sourceTree = "<group>"; };
		CE5A15071A211F5C00E5721A /* main.m */ = {isa = PBXFileReference; lastKnownFileType = sourcecode.c.objc; path = main.m; sourceTree = "<group>"; };
		CE5A15091A211F5C00E5721A /* AppDelegate.h */ = {isa = PBXFileReference; lastKnownFileType = sourcecode.c.h; path = AppDelegate.h; sourceTree = "<group>"; };
		CE5A150A1A211F5C00E5721A /* AppDelegate.m */ = {isa = PBXFileReference; lastKnownFileType = sourcecode.c.objc; path = AppDelegate.m; sourceTree = "<group>"; };
		CE5A150C1A211F5C00E5721A /* CameraViewController.h */ = {isa = PBXFileReference; lastKnownFileType = sourcecode.c.h; path = CameraViewController.h; sourceTree = "<group>"; };
		CE5A150D1A211F5C00E5721A /* CameraViewController.m */ = {isa = PBXFileReference; lastKnownFileType = sourcecode.c.objc; path = CameraViewController.m; sourceTree = "<group>"; };
		CE5A15101A211F5C00E5721A /* Base */ = {isa = PBXFileReference; lastKnownFileType = file.storyboard; name = Base; path = Base.lproj/Main.storyboard; sourceTree = "<group>"; };
		CE5A15121A211F5C00E5721A /* Images.xcassets */ = {isa = PBXFileReference; lastKnownFileType = folder.assetcatalog; path = Images.xcassets; sourceTree = "<group>"; };
		CE5A15151A211F5C00E5721A /* Base */ = {isa = PBXFileReference; lastKnownFileType = file.xib; name = Base; path = Base.lproj/LaunchScreen.xib; sourceTree = "<group>"; };
		CE5A151B1A211F5C00E5721A /* RustleTests.xctest */ = {isa = PBXFileReference; explicitFileType = wrapper.cfbundle; includeInIndex = 0; path = RustleTests.xctest; sourceTree = BUILT_PRODUCTS_DIR; };
		CE5A15201A211F5C00E5721A /* Info.plist */ = {isa = PBXFileReference; lastKnownFileType = text.plist.xml; path = Info.plist; sourceTree = "<group>"; };
		CE5A15211A211F5C00E5721A /* RustleTests.m */ = {isa = PBXFileReference; lastKnownFileType = sourcecode.c.objc; path = RustleTests.m; sourceTree = "<group>"; };
		CE5A152C1A21561500E5721A /* CustomImagePickerController.h */ = {isa = PBXFileReference; fileEncoding = 4; lastKnownFileType = sourcecode.c.h; path = CustomImagePickerController.h; sourceTree = "<group>"; };
		CE5A152D1A21561500E5721A /* CustomImagePickerController.m */ = {isa = PBXFileReference; fileEncoding = 4; lastKnownFileType = sourcecode.c.objc; path = CustomImagePickerController.m; sourceTree = "<group>"; };
		CED0BF2E1A90165F0088A1F6 /* Bolts.framework */ = {isa = PBXFileReference; lastKnownFileType = wrapper.framework; path = Bolts.framework; sourceTree = "<group>"; };
		CED0BF2F1A90165F0088A1F6 /* Parse.framework */ = {isa = PBXFileReference; lastKnownFileType = wrapper.framework; path = Parse.framework; sourceTree = "<group>"; };
		CED0BF301A90165F0088A1F6 /* ParseCrashReporting.framework */ = {isa = PBXFileReference; lastKnownFileType = wrapper.framework; path = ParseCrashReporting.framework; sourceTree = "<group>"; };
		CED0BF311A90165F0088A1F6 /* ParseFacebookUtils.framework */ = {isa = PBXFileReference; lastKnownFileType = wrapper.framework; path = ParseFacebookUtils.framework; sourceTree = "<group>"; };
		CED0BF321A90165F0088A1F6 /* ParseUI.framework */ = {isa = PBXFileReference; lastKnownFileType = wrapper.framework; path = ParseUI.framework; sourceTree = "<group>"; };
		CED0BF381A9016E00088A1F6 /* AudioToolbox.framework */ = {isa = PBXFileReference; lastKnownFileType = wrapper.framework; name = AudioToolbox.framework; path = System/Library/Frameworks/AudioToolbox.framework; sourceTree = SDKROOT; };
		CED0BF3A1A9016EA0088A1F6 /* CFNetwork.framework */ = {isa = PBXFileReference; lastKnownFileType = wrapper.framework; name = CFNetwork.framework; path = System/Library/Frameworks/CFNetwork.framework; sourceTree = SDKROOT; };
		CED0BF3C1A9016F50088A1F6 /* CoreGraphics.framework */ = {isa = PBXFileReference; lastKnownFileType = wrapper.framework; name = CoreGraphics.framework; path = System/Library/Frameworks/CoreGraphics.framework; sourceTree = SDKROOT; };
		CED0BF3E1A9016FC0088A1F6 /* CoreLocation.framework */ = {isa = PBXFileReference; lastKnownFileType = wrapper.framework; name = CoreLocation.framework; path = System/Library/Frameworks/CoreLocation.framework; sourceTree = SDKROOT; };
		CED0BF401A9017060088A1F6 /* MobileCoreServices.framework */ = {isa = PBXFileReference; lastKnownFileType = wrapper.framework; name = MobileCoreServices.framework; path = System/Library/Frameworks/MobileCoreServices.framework; sourceTree = SDKROOT; };
		CED0BF421A90170E0088A1F6 /* QuartzCore.framework */ = {isa = PBXFileReference; lastKnownFileType = wrapper.framework; name = QuartzCore.framework; path = System/Library/Frameworks/QuartzCore.framework; sourceTree = SDKROOT; };
		CED0BF441A9017170088A1F6 /* Security.framework */ = {isa = PBXFileReference; lastKnownFileType = wrapper.framework; name = Security.framework; path = System/Library/Frameworks/Security.framework; sourceTree = SDKROOT; };
		CED0BF461A90171F0088A1F6 /* StoreKit.framework */ = {isa = PBXFileReference; lastKnownFileType = wrapper.framework; name = StoreKit.framework; path = System/Library/Frameworks/StoreKit.framework; sourceTree = SDKROOT; };
		CED0BF481A9017280088A1F6 /* SystemConfiguration.framework */ = {isa = PBXFileReference; lastKnownFileType = wrapper.framework; name = SystemConfiguration.framework; path = System/Library/Frameworks/SystemConfiguration.framework; sourceTree = SDKROOT; };
		CED0BF4A1A9017310088A1F6 /* libz.dylib */ = {isa = PBXFileReference; lastKnownFileType = "compiled.mach-o.dylib"; name = libz.dylib; path = usr/lib/libz.dylib; sourceTree = SDKROOT; };
		CED0BF4C1A90173A0088A1F6 /* libsqlite3.dylib */ = {isa = PBXFileReference; lastKnownFileType = "compiled.mach-o.dylib"; name = libsqlite3.dylib; path = usr/lib/libsqlite3.dylib; sourceTree = SDKROOT; };
		CEEB53CF1A21A28D000C4BDB /* RustlesTableViewController.h */ = {isa = PBXFileReference; fileEncoding = 4; lastKnownFileType = sourcecode.c.h; path = RustlesTableViewController.h; sourceTree = "<group>"; };
		CEEB53D01A21A28D000C4BDB /* RustlesTableViewController.m */ = {isa = PBXFileReference; fileEncoding = 4; lastKnownFileType = sourcecode.c.objc; path = RustlesTableViewController.m; sourceTree = "<group>"; };
		CEEB54401A21ABB2000C4BDB /* PhotoCell.h */ = {isa = PBXFileReference; fileEncoding = 4; lastKnownFileType = sourcecode.c.h; name = PhotoCell.h; path = ../PhotoCell.h; sourceTree = "<group>"; };
		CEEB54411A21ABB2000C4BDB /* PhotoCell.m */ = {isa = PBXFileReference; fileEncoding = 4; lastKnownFileType = sourcecode.c.objc; name = PhotoCell.m; path = ../PhotoCell.m; sourceTree = "<group>"; };
/* End PBXFileReference section */

/* Begin PBXFrameworksBuildPhase section */
		CE5A14FF1A211F5C00E5721A /* Frameworks */ = {
			isa = PBXFrameworksBuildPhase;
			buildActionMask = 2147483647;
			files = (
				CED0BF4D1A90173A0088A1F6 /* libsqlite3.dylib in Frameworks */,
				CED0BF4B1A9017310088A1F6 /* libz.dylib in Frameworks */,
				CED0BF491A9017280088A1F6 /* SystemConfiguration.framework in Frameworks */,
				CED0BF471A90171F0088A1F6 /* StoreKit.framework in Frameworks */,
				CED0BF451A9017170088A1F6 /* Security.framework in Frameworks */,
				CED0BF431A90170E0088A1F6 /* QuartzCore.framework in Frameworks */,
				CED0BF411A9017060088A1F6 /* MobileCoreServices.framework in Frameworks */,
				CED0BF3F1A9016FC0088A1F6 /* CoreLocation.framework in Frameworks */,
				CED0BF3D1A9016F50088A1F6 /* CoreGraphics.framework in Frameworks */,
				CED0BF3B1A9016EA0088A1F6 /* CFNetwork.framework in Frameworks */,
				CED0BF391A9016E00088A1F6 /* AudioToolbox.framework in Frameworks */,
				CED0BF331A90165F0088A1F6 /* Bolts.framework in Frameworks */,
			);
			runOnlyForDeploymentPostprocessing = 0;
		};
		CE5A15181A211F5C00E5721A /* Frameworks */ = {
			isa = PBXFrameworksBuildPhase;
			buildActionMask = 2147483647;
			files = (
			);
			runOnlyForDeploymentPostprocessing = 0;
		};
/* End PBXFrameworksBuildPhase section */

/* Begin PBXGroup section */
		CE03611D1B6B2B6C006D3A67 /* Controllers */ = {
			isa = PBXGroup;
			children = (
				CE5A150C1A211F5C00E5721A /* CameraViewController.h */,
				CE5A150D1A211F5C00E5721A /* CameraViewController.m */,
				CE5A152C1A21561500E5721A /* CustomImagePickerController.h */,
				CE5A152D1A21561500E5721A /* CustomImagePickerController.m */,
				CEEB53CF1A21A28D000C4BDB /* RustlesTableViewController.h */,
				CEEB53D01A21A28D000C4BDB /* RustlesTableViewController.m */,
			);
			name = Controllers;
			sourceTree = "<group>";
		};
		CE5A14F91A211F5C00E5721A = {
			isa = PBXGroup;
			children = (
				CED0BF2D1A90165F0088A1F6 /* parse-library-1.6.2 */,
				CE5A15041A211F5C00E5721A /* Rustle */,
				CE5A151E1A211F5C00E5721A /* RustleTests */,
				CE5A15031A211F5C00E5721A /* Products */,
			);
			sourceTree = "<group>";
		};
		CE5A15031A211F5C00E5721A /* Products */ = {
			isa = PBXGroup;
			children = (
				CE5A15021A211F5C00E5721A /* Rustle.app */,
				CE5A151B1A211F5C00E5721A /* RustleTests.xctest */,
			);
			name = Products;
			sourceTree = "<group>";
		};
		CE5A15041A211F5C00E5721A /* Rustle */ = {
			isa = PBXGroup;
			children = (
				CE5A150F1A211F5C00E5721A /* Main.storyboard */,
				CE5A15121A211F5C00E5721A /* Images.xcassets */,
				CE5A15141A211F5C00E5721A /* LaunchScreen.xib */,
				CE03611D1B6B2B6C006D3A67 /* Controllers */,
				CEEB543F1A21AAAA000C4BDB /* Model */,
				CE5A15051A211F5C00E5721A /* Supporting Files */,
			);
			path = Rustle;
			sourceTree = "<group>";
		};
		CE5A15051A211F5C00E5721A /* Supporting Files */ = {
			isa = PBXGroup;
			children = (
				CED0BF4C1A90173A0088A1F6 /* libsqlite3.dylib */,
				CED0BF4A1A9017310088A1F6 /* libz.dylib */,
				CED0BF481A9017280088A1F6 /* SystemConfiguration.framework */,
				CED0BF461A90171F0088A1F6 /* StoreKit.framework */,
				CED0BF441A9017170088A1F6 /* Security.framework */,
				CED0BF421A90170E0088A1F6 /* QuartzCore.framework */,
				CED0BF401A9017060088A1F6 /* MobileCoreServices.framework */,
				CED0BF3E1A9016FC0088A1F6 /* CoreLocation.framework */,
				CED0BF3C1A9016F50088A1F6 /* CoreGraphics.framework */,
				CED0BF3A1A9016EA0088A1F6 /* CFNetwork.framework */,
				CED0BF381A9016E00088A1F6 /* AudioToolbox.framework */,
				CE0A55381A88219800EDC371 /* Constants.h */,
				CE5A15091A211F5C00E5721A /* AppDelegate.h */,
				CE5A150A1A211F5C00E5721A /* AppDelegate.m */,
				CE5A15061A211F5C00E5721A /* Info.plist */,
				CE5A15071A211F5C00E5721A /* main.m */,
			);
			name = "Supporting Files";
			sourceTree = "<group>";
		};
		CE5A151E1A211F5C00E5721A /* RustleTests */ = {
			isa = PBXGroup;
			children = (
				CE5A15211A211F5C00E5721A /* RustleTests.m */,
				CE5A151F1A211F5C00E5721A /* Supporting Files */,
			);
			path = RustleTests;
			sourceTree = "<group>";
		};
		CE5A151F1A211F5C00E5721A /* Supporting Files */ = {
			isa = PBXGroup;
			children = (
				CE5A15201A211F5C00E5721A /* Info.plist */,
			);
			name = "Supporting Files";
			sourceTree = "<group>";
		};
		CED0BF2D1A90165F0088A1F6 /* parse-library-1.6.2 */ = {
			isa = PBXGroup;
			children = (
				CED0BF2E1A90165F0088A1F6 /* Bolts.framework */,
				CED0BF2F1A90165F0088A1F6 /* Parse.framework */,
				CED0BF301A90165F0088A1F6 /* ParseCrashReporting.framework */,
				CED0BF311A90165F0088A1F6 /* ParseFacebookUtils.framework */,
				CED0BF321A90165F0088A1F6 /* ParseUI.framework */,
			);
			name = "parse-library-1.6.2";
			path = "Rustle/parse-library-1.6.2";
			sourceTree = "<group>";
		};
		CEEB543F1A21AAAA000C4BDB /* Model */ = {
			isa = PBXGroup;
			children = (
				CEEB54401A21ABB2000C4BDB /* PhotoCell.h */,
				CEEB54411A21ABB2000C4BDB /* PhotoCell.m */,
			);
			name = Model;
			sourceTree = "<group>";
		};
/* End PBXGroup section */

/* Begin PBXNativeTarget section */
		CE5A15011A211F5C00E5721A /* Rustle */ = {
			isa = PBXNativeTarget;
			buildConfigurationList = CE5A15251A211F5C00E5721A /* Build configuration list for PBXNativeTarget "Rustle" */;
			buildPhases = (
				CE5A14FE1A211F5C00E5721A /* Sources */,
				CE5A14FF1A211F5C00E5721A /* Frameworks */,
				CE5A15001A211F5C00E5721A /* Resources */,
			);
			buildRules = (
			);
			dependencies = (
			);
			name = Rustle;
			productName = Rustle;
			productReference = CE5A15021A211F5C00E5721A /* Rustle.app */;
			productType = "com.apple.product-type.application";
		};
		CE5A151A1A211F5C00E5721A /* RustleTests */ = {
			isa = PBXNativeTarget;
			buildConfigurationList = CE5A15281A211F5C00E5721A /* Build configuration list for PBXNativeTarget "RustleTests" */;
			buildPhases = (
				CE5A15171A211F5C00E5721A /* Sources */,
				CE5A15181A211F5C00E5721A /* Frameworks */,
				CE5A15191A211F5C00E5721A /* Resources */,
			);
			buildRules = (
			);
			dependencies = (
				CE5A151D1A211F5C00E5721A /* PBXTargetDependency */,
			);
			name = RustleTests;
			productName = RustleTests;
			productReference = CE5A151B1A211F5C00E5721A /* RustleTests.xctest */;
			productType = "com.apple.product-type.bundle.unit-test";
		};
/* End PBXNativeTarget section */

/* Begin PBXProject section */
		CE5A14FA1A211F5C00E5721A /* Project object */ = {
			isa = PBXProject;
			attributes = {
				LastUpgradeCheck = 0610;
				ORGANIZATIONNAME = "GOF Enterprises";
				TargetAttributes = {
					CE5A15011A211F5C00E5721A = {
						CreatedOnToolsVersion = 6.1;
						DevelopmentTeam = 45K5YJ9LJQ;
					};
					CE5A151A1A211F5C00E5721A = {
						CreatedOnToolsVersion = 6.1;
						TestTargetID = CE5A15011A211F5C00E5721A;
					};
				};
			};
			buildConfigurationList = CE5A14FD1A211F5C00E5721A /* Build configuration list for PBXProject "Rustle" */;
			compatibilityVersion = "Xcode 3.2";
			developmentRegion = English;
			hasScannedForEncodings = 0;
			knownRegions = (
				en,
				Base,
			);
			mainGroup = CE5A14F91A211F5C00E5721A;
			productRefGroup = CE5A15031A211F5C00E5721A /* Products */;
			projectDirPath = "";
			projectRoot = "";
			targets = (
				CE5A15011A211F5C00E5721A /* Rustle */,
				CE5A151A1A211F5C00E5721A /* RustleTests */,
			);
		};
/* End PBXProject section */

/* Begin PBXResourcesBuildPhase section */
		CE5A15001A211F5C00E5721A /* Resources */ = {
			isa = PBXResourcesBuildPhase;
			buildActionMask = 2147483647;
			files = (
				CE5A15111A211F5C00E5721A /* Main.storyboard in Resources */,
				CE5A15161A211F5C00E5721A /* LaunchScreen.xib in Resources */,
				CE5A15131A211F5C00E5721A /* Images.xcassets in Resources */,
			);
			runOnlyForDeploymentPostprocessing = 0;
		};
		CE5A15191A211F5C00E5721A /* Resources */ = {
			isa = PBXResourcesBuildPhase;
			buildActionMask = 2147483647;
			files = (
			);
			runOnlyForDeploymentPostprocessing = 0;
		};
/* End PBXResourcesBuildPhase section */

/* Begin PBXSourcesBuildPhase section */
		CE5A14FE1A211F5C00E5721A /* Sources */ = {
			isa = PBXSourcesBuildPhase;
			buildActionMask = 2147483647;
			files = (
				CEEB54421A21ABB2000C4BDB /* PhotoCell.m in Sources */,
				CEEB53D11A21A28D000C4BDB /* RustlesTableViewController.m in Sources */,
				CE5A152E1A21561500E5721A /* CustomImagePickerController.m in Sources */,
				CE5A150E1A211F5C00E5721A /* CameraViewController.m in Sources */,
				CE5A150B1A211F5C00E5721A /* AppDelegate.m in Sources */,
				CE5A15081A211F5C00E5721A /* main.m in Sources */,
			);
			runOnlyForDeploymentPostprocessing = 0;
		};
		CE5A15171A211F5C00E5721A /* Sources */ = {
			isa = PBXSourcesBuildPhase;
			buildActionMask = 2147483647;
			files = (
				CE5A15221A211F5C00E5721A /* RustleTests.m in Sources */,
			);
			runOnlyForDeploymentPostprocessing = 0;
		};
/* End PBXSourcesBuildPhase section */

/* Begin PBXTargetDependency section */
		CE5A151D1A211F5C00E5721A /* PBXTargetDependency */ = {
			isa = PBXTargetDependency;
			target = CE5A15011A211F5C00E5721A /* Rustle */;
			targetProxy = CE5A151C1A211F5C00E5721A /* PBXContainerItemProxy */;
		};
/* End PBXTargetDependency section */

/* Begin PBXVariantGroup section */
		CE5A150F1A211F5C00E5721A /* Main.storyboard */ = {
			isa = PBXVariantGroup;
			children = (
				CE5A15101A211F5C00E5721A /* Base */,
			);
			name = Main.storyboard;
			sourceTree = "<group>";
		};
		CE5A15141A211F5C00E5721A /* LaunchScreen.xib */ = {
			isa = PBXVariantGroup;
			children = (
				CE5A15151A211F5C00E5721A /* Base */,
			);
			name = LaunchScreen.xib;
			sourceTree = "<group>";
		};
/* End PBXVariantGroup section */

/* Begin XCBuildConfiguration section */
		CE5A15231A211F5C00E5721A /* Debug */ = {
			isa = XCBuildConfiguration;
			buildSettings = {
				ALWAYS_SEARCH_USER_PATHS = NO;
				CLANG_CXX_LANGUAGE_STANDARD = "gnu++0x";
				CLANG_CXX_LIBRARY = "libc++";
				CLANG_ENABLE_MODULES = YES;
				CLANG_ENABLE_OBJC_ARC = YES;
				CLANG_WARN_BOOL_CONVERSION = YES;
				CLANG_WARN_CONSTANT_CONVERSION = YES;
				CLANG_WARN_DIRECT_OBJC_ISA_USAGE = YES_ERROR;
				CLANG_WARN_EMPTY_BODY = YES;
				CLANG_WARN_ENUM_CONVERSION = YES;
				CLANG_WARN_INT_CONVERSION = YES;
				CLANG_WARN_OBJC_ROOT_CLASS = YES_ERROR;
				CLANG_WARN_UNREACHABLE_CODE = YES;
				CLANG_WARN__DUPLICATE_METHOD_MATCH = YES;
				"CODE_SIGN_IDENTITY[sdk=iphoneos*]" = "iPhone Developer";
				COPY_PHASE_STRIP = NO;
				ENABLE_STRICT_OBJC_MSGSEND = YES;
				GCC_C_LANGUAGE_STANDARD = gnu99;
				GCC_DYNAMIC_NO_PIC = NO;
				GCC_OPTIMIZATION_LEVEL = 0;
				GCC_PREPROCESSOR_DEFINITIONS = (
					"DEBUG=1",
					"$(inherited)",
				);
				GCC_SYMBOLS_PRIVATE_EXTERN = NO;
				GCC_WARN_64_TO_32_BIT_CONVERSION = YES;
				GCC_WARN_ABOUT_RETURN_TYPE = YES_ERROR;
				GCC_WARN_UNDECLARED_SELECTOR = YES;
				GCC_WARN_UNINITIALIZED_AUTOS = YES_AGGRESSIVE;
				GCC_WARN_UNUSED_FUNCTION = YES;
				GCC_WARN_UNUSED_VARIABLE = YES;
				IPHONEOS_DEPLOYMENT_TARGET = 8.1;
				MTL_ENABLE_DEBUG_INFO = YES;
				ONLY_ACTIVE_ARCH = YES;
				SDKROOT = iphoneos;
			};
			name = Debug;
		};
		CE5A15241A211F5C00E5721A /* Release */ = {
			isa = XCBuildConfiguration;
			buildSettings = {
				ALWAYS_SEARCH_USER_PATHS = NO;
				CLANG_CXX_LANGUAGE_STANDARD = "gnu++0x";
				CLANG_CXX_LIBRARY = "libc++";
				CLANG_ENABLE_MODULES = YES;
				CLANG_ENABLE_OBJC_ARC = YES;
				CLANG_WARN_BOOL_CONVERSION = YES;
				CLANG_WARN_CONSTANT_CONVERSION = YES;
				CLANG_WARN_DIRECT_OBJC_ISA_USAGE = YES_ERROR;
				CLANG_WARN_EMPTY_BODY = YES;
				CLANG_WARN_ENUM_CONVERSION = YES;
				CLANG_WARN_INT_CONVERSION = YES;
				CLANG_WARN_OBJC_ROOT_CLASS = YES_ERROR;
				CLANG_WARN_UNREACHABLE_CODE = YES;
				CLANG_WARN__DUPLICATE_METHOD_MATCH = YES;
				"CODE_SIGN_IDENTITY[sdk=iphoneos*]" = "iPhone Developer";
				COPY_PHASE_STRIP = YES;
				ENABLE_NS_ASSERTIONS = NO;
				ENABLE_STRICT_OBJC_MSGSEND = YES;
				GCC_C_LANGUAGE_STANDARD = gnu99;
				GCC_WARN_64_TO_32_BIT_CONVERSION = YES;
				GCC_WARN_ABOUT_RETURN_TYPE = YES_ERROR;
				GCC_WARN_UNDECLARED_SELECTOR = YES;
				GCC_WARN_UNINITIALIZED_AUTOS = YES_AGGRESSIVE;
				GCC_WARN_UNUSED_FUNCTION = YES;
				GCC_WARN_UNUSED_VARIABLE = YES;
				IPHONEOS_DEPLOYMENT_TARGET = 8.1;
				MTL_ENABLE_DEBUG_INFO = NO;
				SDKROOT = iphoneos;
				VALIDATE_PRODUCT = YES;
			};
			name = Release;
		};
		CE5A15261A211F5C00E5721A /* Debug */ = {
			isa = XCBuildConfiguration;
			buildSettings = {
				ASSETCATALOG_COMPILER_APPICON_NAME = AppIcon;
				CODE_SIGN_IDENTITY = "iPhone Developer";
				"CODE_SIGN_IDENTITY[sdk=iphoneos*]" = "iPhone Developer";
				FRAMEWORK_SEARCH_PATHS = (
					"$(inherited)",
					"$(PROJECT_DIR)/Rustle/parse-library-1.6.2",
				);
				INFOPLIST_FILE = Rustle/Info.plist;
				IPHONEOS_DEPLOYMENT_TARGET = 8.1;
				LD_RUNPATH_SEARCH_PATHS = "$(inherited) @executable_path/Frameworks";
				PRODUCT_NAME = "$(TARGET_NAME)";
				PROVISIONING_PROFILE = "";
			};
			name = Debug;
		};
		CE5A15271A211F5C00E5721A /* Release */ = {
			isa = XCBuildConfiguration;
			buildSettings = {
				ASSETCATALOG_COMPILER_APPICON_NAME = AppIcon;
				CODE_SIGN_IDENTITY = "iPhone Developer";
				"CODE_SIGN_IDENTITY[sdk=iphoneos*]" = "iPhone Developer";
				FRAMEWORK_SEARCH_PATHS = (
					"$(inherited)",
					"$(PROJECT_DIR)/Rustle/parse-library-1.6.2",
				);
				INFOPLIST_FILE = Rustle/Info.plist;
				IPHONEOS_DEPLOYMENT_TARGET = 8.1;
				LD_RUNPATH_SEARCH_PATHS = "$(inherited) @executable_path/Frameworks";
				PRODUCT_NAME = "$(TARGET_NAME)";
				PROVISIONING_PROFILE = "";
			};
			name = Release;
		};
		CE5A15291A211F5C00E5721A /* Debug */ = {
			isa = XCBuildConfiguration;
			buildSettings = {
				BUNDLE_LOADER = "$(TEST_HOST)";
				FRAMEWORK_SEARCH_PATHS = (
					"$(SDKROOT)/Developer/Library/Frameworks",
					"$(inherited)",
				);
				GCC_PREPROCESSOR_DEFINITIONS = (
					"DEBUG=1",
					"$(inherited)",
				);
				INFOPLIST_FILE = RustleTests/Info.plist;
				LD_RUNPATH_SEARCH_PATHS = "$(inherited) @executable_path/Frameworks @loader_path/Frameworks";
				PRODUCT_NAME = "$(TARGET_NAME)";
				TEST_HOST = "$(BUILT_PRODUCTS_DIR)/Rustle.app/Rustle";
			};
			name = Debug;
		};
		CE5A152A1A211F5C00E5721A /* Release */ = {
			isa = XCBuildConfiguration;
			buildSettings = {
				BUNDLE_LOADER = "$(TEST_HOST)";
				FRAMEWORK_SEARCH_PATHS = (
					"$(SDKROOT)/Developer/Library/Frameworks",
					"$(inherited)",
				);
				INFOPLIST_FILE = RustleTests/Info.plist;
				LD_RUNPATH_SEARCH_PATHS = "$(inherited) @executable_path/Frameworks @loader_path/Frameworks";
				PRODUCT_NAME = "$(TARGET_NAME)";
				TEST_HOST = "$(BUILT_PRODUCTS_DIR)/Rustle.app/Rustle";
			};
			name = Release;
		};
/* End XCBuildConfiguration section */

/* Begin XCConfigurationList section */
		CE5A14FD1A211F5C00E5721A /* Build configuration list for PBXProject "Rustle" */ = {
			isa = XCConfigurationList;
			buildConfigurations = (
				CE5A15231A211F5C00E5721A /* Debug */,
				CE5A15241A211F5C00E5721A /* Release */,
			);
			defaultConfigurationIsVisible = 0;
			defaultConfigurationName = Release;
		};
		CE5A15251A211F5C00E5721A /* Build configuration list for PBXNativeTarget "Rustle" */ = {
			isa = XCConfigurationList;
			buildConfigurations = (
				CE5A15261A211F5C00E5721A /* Debug */,
				CE5A15271A211F5C00E5721A /* Release */,
			);
			defaultConfigurationIsVisible = 0;
			defaultConfigurationName = Release;
		};
		CE5A15281A211F5C00E5721A /* Build configuration list for PBXNativeTarget "RustleTests" */ = {
			isa = XCConfigurationList;
			buildConfigurations = (
				CE5A15291A211F5C00E5721A /* Debug */,
				CE5A152A1A211F5C00E5721A /* Release */,
			);
			defaultConfigurationIsVisible = 0;
			defaultConfigurationName = Release;
		};
/* End XCConfigurationList section */
	};
	rootObject = CE5A14FA1A211F5C00E5721A /* Project object */;
}
